
Microsoft Visual Studio Solution File, Format Version 12.00
# Visual Studio Version 16
VisualStudioVersion = 16.0.32901.82
MinimumVisualStudioVersion = 10.0.40219.1
Project("{FAE04EC0-301F-11D3-BF4B-00C04F79EFBC}") = "OdeToFood", "OdeToFood\OdeToFood.csproj", "{74F1565A-ACE8-4AF2-8955-6A141A9BCBC9}"
EndProject
Project("{FAE04EC0-301F-11D3-BF4B-00C04F79EFBC}") = "OdeToFood.Tests", "OdeToFood.Tests\OdeToFood.Tests.csproj", "{D0FD47F8-3915-4975-8E93-99C7D5B9716A}"
EndProject
Global
	GlobalSection(SolutionConfigurationPlatforms) = preSolution
		Debug|Any CPU = Debug|Any CPU
		Release|Any CPU = Release|Any CPU
	EndGlobalSection
	GlobalSection(ProjectConfigurationPlatforms) = postSolution
		{74F1565A-ACE8-4AF2-8955-6A141A9BCBC9}.Debug|Any CPU.ActiveCfg = Debug|Any CPU
		{74F1565A-ACE8-4AF2-8955-6A141A9BCBC9}.Debug|Any CPU.Build.0 = Debug|Any CPU
		{74F1565A-ACE8-4AF2-8955-6A141A9BCBC9}.Release|Any CPU.ActiveCfg = Release|Any CPU
		{74F1565A-ACE8-4AF2-8955-6A141A9BCBC9}.Release|Any CPU.Build.0 = Release|Any CPU
		{D0FD47F8-3915-4975-8E93-99C7D5B9716A}.Debug|Any CPU.ActiveCfg = Debug|Any CPU
		{D0FD47F8-3915-4975-8E93-99C7D5B9716A}.Debug|Any CPU.Build.0 = Debug|Any CPU
		{D0FD47F8-3915-4975-8E93-99C7D5B9716A}.Release|Any CPU.ActiveCfg = Release|Any CPU
		{D0FD47F8-3915-4975-8E93-99C7D5B9716A}.Release|Any CPU.Build.0 = Release|Any CPU
	EndGlobalSection
	GlobalSection(SolutionProperties) = preSolution
		HideSolutionNode = FALSE
	EndGlobalSection
	GlobalSection(ExtensibilityGlobals) = postSolution
		SolutionGuid = {B1315471-361F-44AB-AF21-8CC7AB399366}
	EndGlobalSection
EndGlobal
